github.com/davecgh/go-spew v1.1.0 h1:ZDRjVQ15GmhC3fiQ8ni8+OwkZQO4DARzQgrnXU1Liz8=
github.com/davecgh/go-spew v1.1.0/go.mod h1:J7Y8YcW2NihsgmVo/mv3lAwl/skON4iLHjSsI+c5H38=
github.com/goava/di v1.0.2 h1:po5dcn9K2LQQnJH7YBaihsbqdUuYxJqNwNNi0ZgryRM=
github.com/goava/di v1.0.2/go.mod h1:fXGefyGvvsNA61beH+p5nApVQ76i3ZQjEFEkFkTJsws=
github.com/goava/di v1.2.1 h1:QANHDt8C6a9RSeM03lU1zviDYNGKQIc1XHz1mXKvmY0=
github.com/goava/di v1.2.1/go.mod h1:ToepvYlpTdC7DrFggmv/TyKIuezBLvAXlRxJkOvtemo=
github.com/goava/di v1.4.0 h1:7+5xjjAxfSIdkUFYdXLvr7DHSmtuWtzf7DuXuzVxz8c=
github.com/goava/di v1.4.0/go.mod h1:ToepvYlpTdC7DrFggmv/TyKIuezBLvAXlRxJkOvtemo=
github.com/goava/di v1.4.1 h1:9hUxUtVerz5oxvNK39vCDvvrENxzxJspA2DsUeoRqkk=
github.com/goava/di v1.4.1/go.mod h1:ToepvYlpTdC7DrFggmv/TyKIuezBLvAXlRxJkOvtemo=
github.com/goava/di v1.4.2-0.20201116224617-a144a2d448c4 h1:hBKx6n8vGkVXp9mJPtNmiF2TvspMnm5BIU7t0eExOeE=
github.com/goava/di v1.4.2-0.20201116224617-a144a2d448c4/go.mod h1:ToepvYlpTdC7DrFggmv/TyKIuezBLvAXlRxJkOvtemo=
github.com/goava/di v1.5.0 h1:POTv3Z75wVq6UGS8461vhhPFAcc7qJj9ETSHQpPyCbI=
github.com/goava/di v1.5.0/go.mod h1:ToepvYlpTdC7DrFggmv/TyKIuezBLvAXlRxJkOvtemo=
github.com/goava/di v1.6.1 h1:F7Wqiln8SRYYvHBxHExSLyVuuf1BAG6o36ntsfrdmb4=
github.com/goava/di v1.6.1/go.mod h1:ToepvYlpTdC7DrFggmv/TyKIuezBLvAXlRxJkOvtemo=
github.com/goava/di v1.6.2 h1:Xi6kAbLEQ4egP6VM/rpKYLdVIFMGl2BicPPc4wGk0JA=
github.com/goava/di v1.6.2/go.mod h1:ToepvYlpTdC7DrFggmv/TyKIuezBLvAXlRxJkOvtemo=
github.com/goava/di v1.6.3 h1:sJXOBBLSjLUjgkGLZeH+g9ld6zUw+mKaaGQ/HATLs3c=
github.com/goava/di v1.6.3/go.mod h1:ToepvYlpTdC7DrFggmv/TyKIuezBLvAXlRxJkOvtemo=
github.com/goava/di v1.7.0 h1:BwcdOPfw+bYueh8dvPmRjX8BFRySwEeKPflmgNSMZIo=
github.com/goava/di v1.7.0/go.mod h1:HmsXLBxMPtplbGM/7aC0+EuL99LDRLgUnLJzGUc2WIc=
github.com/goava/di v1.8.0 h1:1eRp0EuTHrpus96OnF2yU3SH5AfmM8PC/3EezOUyZBM=
github.com/goava/di v1.8.0/go.mod h1:HmsXLBxMPtplbGM/7aC0+EuL99LDRLgUnLJzGUc2WIc=
github.com/goava/di v1.8.1-0.20210215133040-02504b01de2c h1:aiR8Q8VIaNuOPzPbsZR93XNXE9qVUAU5gh7k0zvTny8=
github.com/goava/di v1.8.1-0.20210215133040-02504b01de2c/go.mod h1:HmsXLBxMPtplbGM/7aC0+EuL99LDRLgUnLJzGUc2WIc=
github.com/kelseyhightower/envconfig v1.4.0 h1:Im6hONhd3pLkfDFsbRgu68RDNkGF1r3dvMUtDTo2cv8=
github.com/kelseyhightower/envconfig v1.4.0/go.mod h1:cccZRl6mQpaq41TPp5QxidR+Sa3axMbJDNb//FQX6Gg=
github.com/pmezard/go-difflib v1.0.0 h1:4DBwDE0NGyQoBHbLQYPwSUPoCMWR5BEzIk/f1lZbAQM=
github.com/pmezard/go-difflib v1.0.0/go.mod h1:iKH77koFhYxTK1pcRnkKkqfTogsbg7gZNVY4sRDYZ/4=
github.com/stretchr/objx v0.1.0/go.mod h1:HFkY916IF+rwdDfMAkV7OtwuqBVzrE8GR6GFx+wExME=
github.com/stretchr/testify v1.4.0 h1:2E4SXV/wtOkTonXsotYi4li6zVWxYlZuYNCXe9XRJyk=
github.com/stretchr/testify v1.4.0/go.mod h1:j7eGeouHqKxXV5pUuKE4zz7dFj8WfuZ+81PSLYec5m4=
gopkg.in/check.v1 v0.0.0-20161208181325-20d25e280405 h1:yhCVgyC4o1eVCa2tZl7eS0r+SDo693bJlVdllGtEeKM=
gopkg.in/check.v1 v0.0.0-20161208181325-20d25e280405/go.mod h1:Co6ibVJAznAaIkqp8huTwlJQCZ016jof/cbN4VW5Yz0=
gopkg.in/yaml.v2 v2.2.2 h1:ZCJp+EgiOT7lHqUV2J862kp8Qj64Jo6az82+3Td9dZw=
gopkg.in/yaml.v2 v2.2.2/go.mod h1:hI93XBmqTisBFMUTm0b8Fm+jr3Dg1NNxqwp+5A1VGuI=
